
Microsoft Visual Studio Solution File, Format Version 12.00
# Visual Studio Version 16
VisualStudioVersion = 16.0.30128.74
MinimumVisualStudioVersion = 10.0.40219.1
Project("{FAE04EC0-301F-11D3-BF4B-00C04F79EFBC}") = "Evidence_Forms.Android", "Evidence_Forms.Android\Evidence_Forms.Android.csproj", "{CD8F7BCC-115D-41BA-8E0A-93F8716FA2F1}"
EndProject
Project("{FAE04EC0-301F-11D3-BF4B-00C04F79EFBC}") = "Evidence_Forms.iOS", "Evidence_Forms.iOS\Evidence_Forms.iOS.csproj", "{592009E7-FF25-444D-8D98-9F487A349A9B}"
EndProject
Project("{FAE04EC0-301F-11D3-BF4B-00C04F79EFBC}") = "Evidence_Forms", "Evidence_Forms\Evidence_Forms.csproj", "{3F59F3D4-4184-4C9D-A5A3-B80E66B79105}"
EndProject
Global
	GlobalSection(SolutionConfigurationPlatforms) = preSolution
		Debug|Any CPU = Debug|Any CPU
		Debug|iPhone = Debug|iPhone
		Debug|iPhoneSimulator = Debug|iPhoneSimulator
		Release|Any CPU = Release|Any CPU
		Release|iPhone = Release|iPhone
		Release|iPhoneSimulator = Release|iPhoneSimulator
	EndGlobalSection
	GlobalSection(ProjectConfigurationPlatforms) = postSolution
		{CD8F7BCC-115D-41BA-8E0A-93F8716FA2F1}.Debug|Any CPU.ActiveCfg = Debug|Any CPU
		{CD8F7BCC-115D-41BA-8E0A-93F8716FA2F1}.Debug|Any CPU.Build.0 = Debug|Any CPU
		{CD8F7BCC-115D-41BA-8E0A-93F8716FA2F1}.Debug|Any CPU.Deploy.0 = Debug|Any CPU
		{CD8F7BCC-115D-41BA-8E0A-93F8716FA2F1}.Debug|iPhone.ActiveCfg = Debug|Any CPU
		{CD8F7BCC-115D-41BA-8E0A-93F8716FA2F1}.Debug|iPhone.Build.0 = Debug|Any CPU
		{CD8F7BCC-115D-41BA-8E0A-93F8716FA2F1}.Debug|iPhone.Deploy.0 = Debug|Any CPU
		{CD8F7BCC-115D-41BA-8E0A-93F8716FA2F1}.Debug|iPhoneSimulator.ActiveCfg = Debug|Any CPU
		{CD8F7BCC-115D-41BA-8E0A-93F8716FA2F1}.Debug|iPhoneSimulator.Build.0 = Debug|Any CPU
		{CD8F7BCC-115D-41BA-8E0A-93F8716FA2F1}.Debug|iPhoneSimulator.Deploy.0 = Debug|Any CPU
		{CD8F7BCC-115D-41BA-8E0A-93F8716FA2F1}.Release|Any CPU.ActiveCfg = Release|Any CPU
		{CD8F7BCC-115D-41BA-8E0A-93F8716FA2F1}.Release|Any CPU.Build.0 = Release|Any CPU
		{CD8F7BCC-115D-41BA-8E0A-93F8716FA2F1}.Release|Any CPU.Deploy.0 = Release|Any CPU
		{CD8F7BCC-115D-41BA-8E0A-93F8716FA2F1}.Release|iPhone.ActiveCfg = Release|Any CPU
		{CD8F7BCC-115D-41BA-8E0A-93F8716FA2F1}.Release|iPhone.Build.0 = Release|Any CPU
		{CD8F7BCC-115D-41BA-8E0A-93F8716FA2F1}.Release|iPhone.Deploy.0 = Release|Any CPU
		{CD8F7BCC-115D-41BA-8E0A-93F8716FA2F1}.Release|iPhoneSimulator.ActiveCfg = Release|Any CPU
		{CD8F7BCC-115D-41BA-8E0A-93F8716FA2F1}.Release|iPhoneSimulator.Build.0 = Release|Any CPU
		{CD8F7BCC-115D-41BA-8E0A-93F8716FA2F1}.Release|iPhoneSimulator.Deploy.0 = Release|Any CPU
		{592009E7-FF25-444D-8D98-9F487A349A9B}.Debug|Any CPU.ActiveCfg = Debug|iPhone
		{592009E7-FF25-444D-8D98-9F487A349A9B}.Debug|Any CPU.Build.0 = Debug|iPhone
		{592009E7-FF25-444D-8D98-9F487A349A9B}.Debug|Any CPU.Deploy.0 = Debug|iPhone
		{592009E7-FF25-444D-8D98-9F487A349A9B}.Debug|iPhone.ActiveCfg = Debug|iPhone
		{592009E7-FF25-444D-8D98-9F487A349A9B}.Debug|iPhone.Build.0 = Debug|iPhone
		{592009E7-FF25-444D-8D98-9F487A349A9B}.Debug|iPhone.Deploy.0 = Debug|iPhone
		{592009E7-FF25-444D-8D98-9F487A349A9B}.Debug|iPhoneSimulator.ActiveCfg = Debug|iPhoneSimulator
		{592009E7-FF25-444D-8D98-9F487A349A9B}.Debug|iPhoneSimulator.Build.0 = Debug|iPhoneSimulator
		{592009E7-FF25-444D-8D98-9F487A349A9B}.Debug|iPhoneSimulator.Deploy.0 = Debug|iPhoneSimulator
		{592009E7-FF25-444D-8D98-9F487A349A9B}.Release|Any CPU.ActiveCfg = Release|iPhone
		{592009E7-FF25-444D-8D98-9F487A349A9B}.Release|Any CPU.Build.0 = Release|iPhone
		{592009E7-FF25-444D-8D98-9F487A349A9B}.Release|Any CPU.Deploy.0 = Release|iPhone
		{592009E7-FF25-444D-8D98-9F487A349A9B}.Release|iPhone.ActiveCfg = Release|iPhone
		{592009E7-FF25-444D-8D98-9F487A349A9B}.Release|iPhone.Build.0 = Release|iPhone
		{592009E7-FF25-444D-8D98-9F487A349A9B}.Release|iPhone.Deploy.0 = Release|iPhone
		{592009E7-FF25-444D-8D98-9F487A349A9B}.Release|iPhoneSimulator.ActiveCfg = Release|iPhoneSimulator
		{592009E7-FF25-444D-8D98-9F487A349A9B}.Release|iPhoneSimulator.Build.0 = Release|iPhoneSimulator
		{592009E7-FF25-444D-8D98-9F487A349A9B}.Release|iPhoneSimulator.Deploy.0 = Release|iPhoneSimulator
		{3F59F3D4-4184-4C9D-A5A3-B80E66B79105}.Debug|Any CPU.ActiveCfg = Debug|Any CPU
		{3F59F3D4-4184-4C9D-A5A3-B80E66B79105}.Debug|Any CPU.Build.0 = Debug|Any CPU
		{3F59F3D4-4184-4C9D-A5A3-B80E66B79105}.Debug|Any CPU.Deploy.0 = Debug|Any CPU
		{3F59F3D4-4184-4C9D-A5A3-B80E66B79105}.Debug|iPhone.ActiveCfg = Debug|Any CPU
		{3F59F3D4-4184-4C9D-A5A3-B80E66B79105}.Debug|iPhone.Build.0 = Debug|Any CPU
		{3F59F3D4-4184-4C9D-A5A3-B80E66B79105}.Debug|iPhone.Deploy.0 = Debug|Any CPU
		{3F59F3D4-4184-4C9D-A5A3-B80E66B79105}.Debug|iPhoneSimulator.ActiveCfg = Debug|Any CPU
		{3F59F3D4-4184-4C9D-A5A3-B80E66B79105}.Debug|iPhoneSimulator.Build.0 = Debug|Any CPU
		{3F59F3D4-4184-4C9D-A5A3-B80E66B79105}.Debug|iPhoneSimulator.Deploy.0 = Debug|Any CPU
		{3F59F3D4-4184-4C9D-A5A3-B80E66B79105}.Release|Any CPU.ActiveCfg = Release|Any CPU
		{3F59F3D4-4184-4C9D-A5A3-B80E66B79105}.Release|Any CPU.Build.0 = Release|Any CPU
		{3F59F3D4-4184-4C9D-A5A3-B80E66B79105}.Release|Any CPU.Deploy.0 = Release|Any CPU
		{3F59F3D4-4184-4C9D-A5A3-B80E66B79105}.Release|iPhone.ActiveCfg = Release|Any CPU
		{3F59F3D4-4184-4C9D-A5A3-B80E66B79105}.Release|iPhone.Build.0 = Release|Any CPU
		{3F59F3D4-4184-4C9D-A5A3-B80E66B79105}.Release|iPhone.Deploy.0 = Release|Any CPU
		{3F59F3D4-4184-4C9D-A5A3-B80E66B79105}.Release|iPhoneSimulator.ActiveCfg = Release|Any CPU
		{3F59F3D4-4184-4C9D-A5A3-B80E66B79105}.Release|iPhoneSimulator.Build.0 = Release|Any CPU
		{3F59F3D4-4184-4C9D-A5A3-B80E66B79105}.Release|iPhoneSimulator.Deploy.0 = Release|Any CPU
	EndGlobalSection
	GlobalSection(SolutionProperties) = preSolution
		HideSolutionNode = FALSE
	EndGlobalSection
	GlobalSection(ExtensibilityGlobals) = postSolution
		SolutionGuid = {77ADF09A-A877-43F1-B332-56A767DAD971}
	EndGlobalSection
EndGlobal
